name: test different subset

run-name: Tests running on ${{github.ref_name}}

on:
  workflow_call:
    inputs:
      subset:
        required: true
        type: string

jobs:
  test:
    name: Run tests of subset ${{ inputs.subset }}
    environment:
      name: ${{ inputs.subset }}
    runs-on: ubuntu-latest
    container:
      image: mcr.microsoft.com/playwright:v1.45.1-jammy
    steps:
      - uses: actions/checkout@v4
      - uses: actions/setup-node@v4
        with:
          node-version: lts/*
      - name: Install dependencies
        run: npm ci

      - name: Run ${{ inputs.subset }} tests
        continue-on-error: true
        working-directory: ${{ inputs.subset }}
        run: |
          HOME=/root npx playwright test
      - uses: actions/upload-artifact@v4
        if: always()
        with:
          name: ${{ inputs.subset }}
          path: playwright-report/



